
Microsoft Visual Studio Solution File, Format Version 12.00
# Visual Studio Version 18
VisualStudioVersion = 18.6.11828.311 oobstable
MinimumVisualStudioVersion = 10.0.40219.1
Project("{FAE04EC0-301F-11D3-BF4B-00C04F79EFBC}") = "NexBank.Logica", "BibliotecaClases\NexBank.Logica.csproj", "{9EBE34F8-3B0D-4615-A8CC-2D341F758BF5}"
EndProject
Project("{FAE04EC0-301F-11D3-BF4B-00C04F79EFBC}") = "NexBank.Consola", "NexBank.Consola\NexBank.Consola.csproj", "{29D65CBD-90BD-49AE-B0F1-6CC84844D9FF}"
EndProject
Global
	GlobalSection(SolutionConfigurationPlatforms) = preSolution
		Debug|Any CPU = Debug|Any CPU
		Release|Any CPU = Release|Any CPU
	EndGlobalSection
	GlobalSection(ProjectConfigurationPlatforms) = postSolution
		{9EBE34F8-3B0D-4615-A8CC-2D341F758BF5}.Debug|Any CPU.ActiveCfg = Debug|Any CPU
		{9EBE34F8-3B0D-4615-A8CC-2D341F758BF5}.Debug|Any CPU.Build.0 = Debug|Any CPU
		{9EBE34F8-3B0D-4615-A8CC-2D341F758BF5}.Release|Any CPU.ActiveCfg = Release|Any CPU
		{9EBE34F8-3B0D-4615-A8CC-2D341F758BF5}.Release|Any CPU.Build.0 = Release|Any CPU
		{29D65CBD-90BD-49AE-B0F1-6CC84844D9FF}.Debug|Any CPU.ActiveCfg = Debug|Any CPU
		{29D65CBD-90BD-49AE-B0F1-6CC84844D9FF}.Debug|Any CPU.Build.0 = Debug|Any CPU
		{29D65CBD-90BD-49AE-B0F1-6CC84844D9FF}.Release|Any CPU.ActiveCfg = Release|Any CPU
		{29D65CBD-90BD-49AE-B0F1-6CC84844D9FF}.Release|Any CPU.Build.0 = Release|Any CPU
	EndGlobalSection
	GlobalSection(SolutionProperties) = preSolution
		HideSolutionNode = FALSE
	EndGlobalSection
	GlobalSection(ExtensibilityGlobals) = postSolution
		SolutionGuid = {E3278598-B681-4C01-96B5-018E9B72228E}
	EndGlobalSection
EndGlobal
